// !$*UTF8*$!
{
	archiveVersion = 1;
	classes = {
	};
	objectVersion = 50;
	objects = {

/* Begin PBXBuildFile section */
		83FCFDAF22CA20C90016DCB1 /* AppDelegate.swift in Sources */ = {isa = PBXBuildFile; fileRef = 83FCFDAE22CA20C90016DCB1 /* AppDelegate.swift */; };
		83FCFDB622CA20CA0016DCB1 /* Assets.xcassets in Resources */ = {isa = PBXBuildFile; fileRef = 83FCFDB522CA20CA0016DCB1 /* Assets.xcassets */; };
		83FCFDB922CA20CA0016DCB1 /* LaunchScreen.storyboard in Resources */ = {isa = PBXBuildFile; fileRef = 83FCFDB722CA20CA0016DCB1 /* LaunchScreen.storyboard */; };
		83FCFDC222CA33520016DCB1 /* VKSdkFramework.framework in Frameworks */ = {isa = PBXBuildFile; fileRef = 83FCFDC122CA33520016DCB1 /* VKSdkFramework.framework */; };
		83FCFDC522CA34CD0016DCB1 /* AuthService.swift in Sources */ = {isa = PBXBuildFile; fileRef = 83FCFDC422CA34CD0016DCB1 /* AuthService.swift */; };
		83FCFDC822CA39780016DCB1 /* LoginViewController.swift in Sources */ = {isa = PBXBuildFile; fileRef = 83FCFDC722CA39780016DCB1 /* LoginViewController.swift */; };
		83FCFDCA22CA39890016DCB1 /* LoginViewController.storyboard in Resources */ = {isa = PBXBuildFile; fileRef = 83FCFDC922CA39890016DCB1 /* LoginViewController.storyboard */; };
		83FCFDCC22CA43F90016DCB1 /* NewsFeedViewController.swift in Sources */ = {isa = PBXBuildFile; fileRef = 83FCFDCB22CA43F90016DCB1 /* NewsFeedViewController.swift */; };
		83FCFDCE22CA44040016DCB1 /* NewsFeedViewController.storyboard in Resources */ = {isa = PBXBuildFile; fileRef = 83FCFDCD22CA44040016DCB1 /* NewsFeedViewController.storyboard */; };
		83FCFDD022CA48230016DCB1 /* UIViewController.swift in Sources */ = {isa = PBXBuildFile; fileRef = 83FCFDCF22CA48230016DCB1 /* UIViewController.swift */; };
		83FCFDD422CA50410016DCB1 /* NetworkService.swift in Sources */ = {isa = PBXBuildFile; fileRef = 83FCFDD322CA50410016DCB1 /* NetworkService.swift */; };
		83FCFDD622CA50CA0016DCB1 /* API.swift in Sources */ = {isa = PBXBuildFile; fileRef = 83FCFDD522CA50CA0016DCB1 /* API.swift */; };
		83FCFDD822CA55B90016DCB1 /* .gitignore in Resources */ = {isa = PBXBuildFile; fileRef = 83FCFDD722CA55B90016DCB1 /* .gitignore */; };
/* End PBXBuildFile section */

/* Begin PBXFileReference section */
		83FCFDAB22CA20C90016DCB1 /* MyVKNewsFeed.app */ = {isa = PBXFileReference; explicitFileType = wrapper.application; includeInIndex = 0; path = MyVKNewsFeed.app; sourceTree = BUILT_PRODUCTS_DIR; };
		83FCFDAE22CA20C90016DCB1 /* AppDelegate.swift */ = {isa = PBXFileReference; lastKnownFileType = sourcecode.swift; path = AppDelegate.swift; sourceTree = "<group>"; };
		83FCFDB522CA20CA0016DCB1 /* Assets.xcassets */ = {isa = PBXFileReference; lastKnownFileType = folder.assetcatalog; path = Assets.xcassets; sourceTree = "<group>"; };
		83FCFDB822CA20CA0016DCB1 /* Base */ = {isa = PBXFileReference; lastKnownFileType = file.storyboard; name = Base; path = Base.lproj/LaunchScreen.storyboard; sourceTree = "<group>"; };
		83FCFDBA22CA20CA0016DCB1 /* Info.plist */ = {isa = PBXFileReference; lastKnownFileType = text.plist.xml; path = Info.plist; sourceTree = "<group>"; };
		83FCFDC122CA33520016DCB1 /* VKSdkFramework.framework */ = {isa = PBXFileReference; lastKnownFileType = wrapper.framework; name = VKSdkFramework.framework; path = Carthage/Build/iOS/VKSdkFramework.framework; sourceTree = "<group>"; };
		83FCFDC422CA34CD0016DCB1 /* AuthService.swift */ = {isa = PBXFileReference; lastKnownFileType = sourcecode.swift; path = AuthService.swift; sourceTree = "<group>"; };
		83FCFDC722CA39780016DCB1 /* LoginViewController.swift */ = {isa = PBXFileReference; lastKnownFileType = sourcecode.swift; path = LoginViewController.swift; sourceTree = "<group>"; };
		83FCFDC922CA39890016DCB1 /* LoginViewController.storyboard */ = {isa = PBXFileReference; lastKnownFileType = file.storyboard; path = LoginViewController.storyboard; sourceTree = "<group>"; };
		83FCFDCB22CA43F90016DCB1 /* NewsFeedViewController.swift */ = {isa = PBXFileReference; lastKnownFileType = sourcecode.swift; path = NewsFeedViewController.swift; sourceTree = "<group>"; };
		83FCFDCD22CA44040016DCB1 /* NewsFeedViewController.storyboard */ = {isa = PBXFileReference; lastKnownFileType = file.storyboard; path = NewsFeedViewController.storyboard; sourceTree = "<group>"; };
		83FCFDCF22CA48230016DCB1 /* UIViewController.swift */ = {isa = PBXFileReference; lastKnownFileType = sourcecode.swift; path = UIViewController.swift; sourceTree = "<group>"; };
		83FCFDD322CA50410016DCB1 /* NetworkService.swift */ = {isa = PBXFileReference; lastKnownFileType = sourcecode.swift; path = NetworkService.swift; sourceTree = "<group>"; };
		83FCFDD522CA50CA0016DCB1 /* API.swift */ = {isa = PBXFileReference; lastKnownFileType = sourcecode.swift; path = API.swift; sourceTree = "<group>"; };
		83FCFDD722CA55B90016DCB1 /* .gitignore */ = {isa = PBXFileReference; lastKnownFileType = text; path = .gitignore; sourceTree = "<group>"; };
/* End PBXFileReference section */

/* Begin PBXFrameworksBuildPhase section */
		83FCFDA822CA20C90016DCB1 /* Frameworks */ = {
			isa = PBXFrameworksBuildPhase;
			buildActionMask = 2147483647;
			files = (
				83FCFDC222CA33520016DCB1 /* VKSdkFramework.framework in Frameworks */,
			);
			runOnlyForDeploymentPostprocessing = 0;
		};
/* End PBXFrameworksBuildPhase section */

/* Begin PBXGroup section */
		83FCFDA222CA20C90016DCB1 = {
			isa = PBXGroup;
			children = (
				83FCFDAD22CA20C90016DCB1 /* MyVKNewsFeed */,
				83FCFDAC22CA20C90016DCB1 /* Products */,
				83FCFDC022CA33520016DCB1 /* Frameworks */,
			);
			sourceTree = "<group>";
		};
		83FCFDAC22CA20C90016DCB1 /* Products */ = {
			isa = PBXGroup;
			children = (
				83FCFDAB22CA20C90016DCB1 /* MyVKNewsFeed.app */,
			);
			name = Products;
			sourceTree = "<group>";
		};
		83FCFDAD22CA20C90016DCB1 /* MyVKNewsFeed */ = {
			isa = PBXGroup;
			children = (
				83FCFDAE22CA20C90016DCB1 /* AppDelegate.swift */,
				83FCFDC622CA34D90016DCB1 /* Services */,
				83FCFDB722CA20CA0016DCB1 /* LaunchScreen.storyboard */,
				83FCFDD222CA4C110016DCB1 /* SupportFiles */,
				83FCFDC722CA39780016DCB1 /* LoginViewController.swift */,
				83FCFDC922CA39890016DCB1 /* LoginViewController.storyboard */,
				83FCFDCB22CA43F90016DCB1 /* NewsFeedViewController.swift */,
				83FCFDCD22CA44040016DCB1 /* NewsFeedViewController.storyboard */,
				83FCFDD122CA4BFD0016DCB1 /* Extensions */,
			);
			path = MyVKNewsFeed;
			sourceTree = "<group>";
		};
		83FCFDC022CA33520016DCB1 /* Frameworks */ = {
			isa = PBXGroup;
			children = (
				83FCFDC122CA33520016DCB1 /* VKSdkFramework.framework */,
			);
			name = Frameworks;
			sourceTree = "<group>";
		};
		83FCFDC622CA34D90016DCB1 /* Services */ = {
			isa = PBXGroup;
			children = (
				83FCFDC422CA34CD0016DCB1 /* AuthService.swift */,
				83FCFDD322CA50410016DCB1 /* NetworkService.swift */,
				83FCFDD522CA50CA0016DCB1 /* API.swift */,
			);
			path = Services;
			sourceTree = "<group>";
		};
		83FCFDD122CA4BFD0016DCB1 /* Extensions */ = {
			isa = PBXGroup;
			children = (
				83FCFDCF22CA48230016DCB1 /* UIViewController.swift */,
			);
			path = Extensions;
			sourceTree = "<group>";
		};
		83FCFDD222CA4C110016DCB1 /* SupportFiles */ = {
			isa = PBXGroup;
			children = (
				83FCFDD722CA55B90016DCB1 /* .gitignore */,
				83FCFDB522CA20CA0016DCB1 /* Assets.xcassets */,
				83FCFDBA22CA20CA0016DCB1 /* Info.plist */,
			);
			path = SupportFiles;
			sourceTree = "<group>";
		};
/* End PBXGroup section */

/* Begin PBXNativeTarget section */
		83FCFDAA22CA20C90016DCB1 /* MyVKNewsFeed */ = {
			isa = PBXNativeTarget;
			buildConfigurationList = 83FCFDBD22CA20CA0016DCB1 /* Build configuration list for PBXNativeTarget "MyVKNewsFeed" */;
			buildPhases = (
				83FCFDA722CA20C90016DCB1 /* Sources */,
				83FCFDA822CA20C90016DCB1 /* Frameworks */,
				83FCFDA922CA20C90016DCB1 /* Resources */,
				83FCFDC322CA33620016DCB1 /* ShellScript */,
			);
			buildRules = (
			);
			dependencies = (
			);
			name = MyVKNewsFeed;
			productName = MyVKNewsFeed;
			productReference = 83FCFDAB22CA20C90016DCB1 /* MyVKNewsFeed.app */;
			productType = "com.apple.product-type.application";
		};
/* End PBXNativeTarget section */

/* Begin PBXProject section */
		83FCFDA322CA20C90016DCB1 /* Project object */ = {
			isa = PBXProject;
			attributes = {
				LastSwiftUpdateCheck = 1020;
				LastUpgradeCheck = 1020;
				ORGANIZATIONNAME = "Andrew Vashulenko";
				TargetAttributes = {
					83FCFDAA22CA20C90016DCB1 = {
						CreatedOnToolsVersion = 10.2.1;
					};
				};
			};
			buildConfigurationList = 83FCFDA622CA20C90016DCB1 /* Build configuration list for PBXProject "MyVKNewsFeed" */;
			compatibilityVersion = "Xcode 9.3";
			developmentRegion = en;
			hasScannedForEncodings = 0;
			knownRegions = (
				en,
				Base,
			);
			mainGroup = 83FCFDA222CA20C90016DCB1;
			productRefGroup = 83FCFDAC22CA20C90016DCB1 /* Products */;
			projectDirPath = "";
			projectRoot = "";
			targets = (
				83FCFDAA22CA20C90016DCB1 /* MyVKNewsFeed */,
			);
		};
/* End PBXProject section */

/* Begin PBXResourcesBuildPhase section */
		83FCFDA922CA20C90016DCB1 /* Resources */ = {
			isa = PBXResourcesBuildPhase;
			buildActionMask = 2147483647;
			files = (
				83FCFDD822CA55B90016DCB1 /* .gitignore in Resources */,
				83FCFDCE22CA44040016DCB1 /* NewsFeedViewController.storyboard in Resources */,
				83FCFDCA22CA39890016DCB1 /* LoginViewController.storyboard in Resources */,
				83FCFDB922CA20CA0016DCB1 /* LaunchScreen.storyboard in Resources */,
				83FCFDB622CA20CA0016DCB1 /* Assets.xcassets in Resources */,
			);
			runOnlyForDeploymentPostprocessing = 0;
		};
/* End PBXResourcesBuildPhase section */

/* Begin PBXShellScriptBuildPhase section */
		83FCFDC322CA33620016DCB1 /* ShellScript */ = {
			isa = PBXShellScriptBuildPhase;
			buildActionMask = 2147483647;
			files = (
			);
			inputFileListPaths = (
			);
			inputPaths = (
				"$(SRCROOT)/Carthage/Build/iOS/VKSdkFramework.framework",
			);
			outputFileListPaths = (
			);
			outputPaths = (
			);
			runOnlyForDeploymentPostprocessing = 0;
			shellPath = /bin/sh;
			shellScript = "/usr/local/bin/carthage copy-frameworks\n";
		};
/* End PBXShellScriptBuildPhase section */

/* Begin PBXSourcesBuildPhase section */
		83FCFDA722CA20C90016DCB1 /* Sources */ = {
			isa = PBXSourcesBuildPhase;
			buildActionMask = 2147483647;
			files = (
				83FCFDC822CA39780016DCB1 /* LoginViewController.swift in Sources */,
				83FCFDAF22CA20C90016DCB1 /* AppDelegate.swift in Sources */,
				83FCFDC522CA34CD0016DCB1 /* AuthService.swift in Sources */,
				83FCFDCC22CA43F90016DCB1 /* NewsFeedViewController.swift in Sources */,
				83FCFDD422CA50410016DCB1 /* NetworkService.swift in Sources */,
				83FCFDD022CA48230016DCB1 /* UIViewController.swift in Sources */,
				83FCFDD622CA50CA0016DCB1 /* API.swift in Sources */,
			);
			runOnlyForDeploymentPostprocessing = 0;
		};
/* End PBXSourcesBuildPhase section */

/* Begin PBXVariantGroup section */
		83FCFDB722CA20CA0016DCB1 /* LaunchScreen.storyboard */ = {
			isa = PBXVariantGroup;
			children = (
				83FCFDB822CA20CA0016DCB1 /* Base */,
			);
			name = LaunchScreen.storyboard;
			sourceTree = "<group>";
		};
/* End PBXVariantGroup section */

/* Begin XCBuildConfiguration section */
		83FCFDBB22CA20CA0016DCB1 /* Debug */ = {
			isa = XCBuildConfiguration;
			buildSettings = {
				ALWAYS_SEARCH_USER_PATHS = NO;
				CLANG_ANALYZER_NONNULL = YES;
				CLANG_ANALYZER_NUMBER_OBJECT_CONVERSION = YES_AGGRESSIVE;
				CLANG_CXX_LANGUAGE_STANDARD = "gnu++14";
				CLANG_CXX_LIBRARY = "libc++";
				CLANG_ENABLE_MODULES = YES;
				CLANG_ENABLE_OBJC_ARC = YES;
				CLANG_ENABLE_OBJC_WEAK = YES;
				CLANG_WARN_BLOCK_CAPTURE_AUTORELEASING = YES;
				CLANG_WARN_BOOL_CONVERSION = YES;
				CLANG_WARN_COMMA = YES;
				CLANG_WARN_CONSTANT_CONVERSION = YES;
				CLANG_WARN_DEPRECATED_OBJC_IMPLEMENTATIONS = YES;
				CLANG_WARN_DIRECT_OBJC_ISA_USAGE = YES_ERROR;
				CLANG_WARN_DOCUMENTATION_COMMENTS = YES;
				CLANG_WARN_EMPTY_BODY = YES;
				CLANG_WARN_ENUM_CONVERSION = YES;
				CLANG_WARN_INFINITE_RECURSION = YES;
				CLANG_WARN_INT_CONVERSION = YES;
				CLANG_WARN_NON_LITERAL_NULL_CONVERSION = YES;
				CLANG_WARN_OBJC_IMPLICIT_RETAIN_SELF = YES;
				CLANG_WARN_OBJC_LITERAL_CONVERSION = YES;
				CLANG_WARN_OBJC_ROOT_CLASS = YES_ERROR;
				CLANG_WARN_RANGE_LOOP_ANALYSIS = YES;
				CLANG_WARN_STRICT_PROTOTYPES = YES;
				CLANG_WARN_SUSPICIOUS_MOVE = YES;
				CLANG_WARN_UNGUARDED_AVAILABILITY = YES_AGGRESSIVE;
				CLANG_WARN_UNREACHABLE_CODE = YES;
				CLANG_WARN__DUPLICATE_METHOD_MATCH = YES;
				CODE_SIGN_IDENTITY = "iPhone Developer";
				COPY_PHASE_STRIP = NO;
				DEBUG_INFORMATION_FORMAT = dwarf;
				ENABLE_STRICT_OBJC_MSGSEND = YES;
				ENABLE_TESTABILITY = YES;
				GCC_C_LANGUAGE_STANDARD = gnu11;
				GCC_DYNAMIC_NO_PIC = NO;
				GCC_NO_COMMON_BLOCKS = YES;
				GCC_OPTIMIZATION_LEVEL = 0;
				GCC_PREPROCESSOR_DEFINITIONS = (
					"DEBUG=1",
					"$(inherited)",
				);
				GCC_WARN_64_TO_32_BIT_CONVERSION = YES;
				GCC_WARN_ABOUT_RETURN_TYPE = YES_ERROR;
				GCC_WARN_UNDECLARED_SELECTOR = YES;
				GCC_WARN_UNINITIALIZED_AUTOS = YES_AGGRESSIVE;
				GCC_WARN_UNUSED_FUNCTION = YES;
				GCC_WARN_UNUSED_VARIABLE = YES;
				IPHONEOS_DEPLOYMENT_TARGET = 12.2;
				MTL_ENABLE_DEBUG_INFO = INCLUDE_SOURCE;
				MTL_FAST_MATH = YES;
				ONLY_ACTIVE_ARCH = YES;
				SDKROOT = iphoneos;
				SWIFT_ACTIVE_COMPILATION_CONDITIONS = DEBUG;
				SWIFT_OPTIMIZATION_LEVEL = "-Onone";
			};
			name = Debug;
		};
		83FCFDBC22CA20CA0016DCB1 /* Release */ = {
			isa = XCBuildConfiguration;
			buildSettings = {
				ALWAYS_SEARCH_USER_PATHS = NO;
				CLANG_ANALYZER_NONNULL = YES;
				CLANG_ANALYZER_NUMBER_OBJECT_CONVERSION = YES_AGGRESSIVE;
				CLANG_CXX_LANGUAGE_STANDARD = "gnu++14";
				CLANG_CXX_LIBRARY = "libc++";
				CLANG_ENABLE_MODULES = YES;
				CLANG_ENABLE_OBJC_ARC = YES;
				CLANG_ENABLE_OBJC_WEAK = YES;
				CLANG_WARN_BLOCK_CAPTURE_AUTORELEASING = YES;
				CLANG_WARN_BOOL_CONVERSION = YES;
				CLANG_WARN_COMMA = YES;
				CLANG_WARN_CONSTANT_CONVERSION = YES;
				CLANG_WARN_DEPRECATED_OBJC_IMPLEMENTATIONS = YES;
				CLANG_WARN_DIRECT_OBJC_ISA_USAGE = YES_ERROR;
				CLANG_WARN_DOCUMENTATION_COMMENTS = YES;
				CLANG_WARN_EMPTY_BODY = YES;
				CLANG_WARN_ENUM_CONVERSION = YES;
				CLANG_WARN_INFINITE_RECURSION = YES;
				CLANG_WARN_INT_CONVERSION = YES;
				CLANG_WARN_NON_LITERAL_NULL_CONVERSION = YES;
				CLANG_WARN_OBJC_IMPLICIT_RETAIN_SELF = YES;
				CLANG_WARN_OBJC_LITERAL_CONVERSION = YES;
				CLANG_WARN_OBJC_ROOT_CLASS = YES_ERROR;
				CLANG_WARN_RANGE_LOOP_ANALYSIS = YES;
				CLANG_WARN_STRICT_PROTOTYPES = YES;
				CLANG_WARN_SUSPICIOUS_MOVE = YES;
				CLANG_WARN_UNGUARDED_AVAILABILITY = YES_AGGRESSIVE;
				CLANG_WARN_UNREACHABLE_CODE = YES;
				CLANG_WARN__DUPLICATE_METHOD_MATCH = YES;
				CODE_SIGN_IDENTITY = "iPhone Developer";
				COPY_PHASE_STRIP = NO;
				DEBUG_INFORMATION_FORMAT = "dwarf-with-dsym";
				ENABLE_NS_ASSERTIONS = NO;
				ENABLE_STRICT_OBJC_MSGSEND = YES;
				GCC_C_LANGUAGE_STANDARD = gnu11;
				GCC_NO_COMMON_BLOCKS = YES;
				GCC_WARN_64_TO_32_BIT_CONVERSION = YES;
				GCC_WARN_ABOUT_RETURN_TYPE = YES_ERROR;
				GCC_WARN_UNDECLARED_SELECTOR = YES;
				GCC_WARN_UNINITIALIZED_AUTOS = YES_AGGRESSIVE;
				GCC_WARN_UNUSED_FUNCTION = YES;
				GCC_WARN_UNUSED_VARIABLE = YES;
				IPHONEOS_DEPLOYMENT_TARGET = 12.2;
				MTL_ENABLE_DEBUG_INFO = NO;
				MTL_FAST_MATH = YES;
				SDKROOT = iphoneos;
				SWIFT_COMPILATION_MODE = wholemodule;
				SWIFT_OPTIMIZATION_LEVEL = "-O";
				VALIDATE_PRODUCT = YES;
			};
			name = Release;
		};
		83FCFDBE22CA20CA0016DCB1 /* Debug */ = {
			isa = XCBuildConfiguration;
			buildSettings = {
				ASSETCATALOG_COMPILER_APPICON_NAME = AppIcon;
				CODE_SIGN_STYLE = Automatic;
				DEVELOPMENT_TEAM = UBGU9698UC;
				FRAMEWORK_SEARCH_PATHS = (
					"$(inherited)",
					"$(PROJECT_DIR)/Carthage/Build/iOS",
				);
				INFOPLIST_FILE = "$(SRCROOT)/MyVKNewsFeed/SupportFiles/Info.plist";
				LD_RUNPATH_SEARCH_PATHS = (
					"$(inherited)",
					"@executable_path/Frameworks",
				);
				PRODUCT_BUNDLE_IDENTIFIER = com.andrewVashulenko.MyVKNewsFeed;
				PRODUCT_NAME = "$(TARGET_NAME)";
				SWIFT_VERSION = 5.0;
				TARGETED_DEVICE_FAMILY = "1,2";
			};
			name = Debug;
		};
		83FCFDBF22CA20CA0016DCB1 /* Release */ = {
			isa = XCBuildConfiguration;
			buildSettings = {
				ASSETCATALOG_COMPILER_APPICON_NAME = AppIcon;
				CODE_SIGN_STYLE = Automatic;
				DEVELOPMENT_TEAM = UBGU9698UC;
				FRAMEWORK_SEARCH_PATHS = (
					"$(inherited)",
					"$(PROJECT_DIR)/Carthage/Build/iOS",
				);
				INFOPLIST_FILE = "$(SRCROOT)/MyVKNewsFeed/SupportFiles/Info.plist";
				LD_RUNPATH_SEARCH_PATHS = (
					"$(inherited)",
					"@executable_path/Frameworks",
				);
				PRODUCT_BUNDLE_IDENTIFIER = com.andrewVashulenko.MyVKNewsFeed;
				PRODUCT_NAME = "$(TARGET_NAME)";
				SWIFT_VERSION = 5.0;
				TARGETED_DEVICE_FAMILY = "1,2";
			};
			name = Release;
		};
/* End XCBuildConfiguration section */

/* Begin XCConfigurationList section */
		83FCFDA622CA20C90016DCB1 /* Build configuration list for PBXProject "MyVKNewsFeed" */ = {
			isa = XCConfigurationList;
			buildConfigurations = (
				83FCFDBB22CA20CA0016DCB1 /* Debug */,
				83FCFDBC22CA20CA0016DCB1 /* Release */,
			);
			defaultConfigurationIsVisible = 0;
			defaultConfigurationName = Release;
		};
		83FCFDBD22CA20CA0016DCB1 /* Build configuration list for PBXNativeTarget "MyVKNewsFeed" */ = {
			isa = XCConfigurationList;
			buildConfigurations = (
				83FCFDBE22CA20CA0016DCB1 /* Debug */,
				83FCFDBF22CA20CA0016DCB1 /* Release */,
			);
			defaultConfigurationIsVisible = 0;
			defaultConfigurationName = Release;
		};
/* End XCConfigurationList section */
	};
	rootObject = 83FCFDA322CA20C90016DCB1 /* Project object */;
}
